
Microsoft Visual Studio Solution File, Format Version 12.00
# Visual Studio 15
VisualStudioVersion = 15.0.27703.2018
MinimumVisualStudioVersion = 10.0.40219.1
Project("{FAE04EC0-301F-11D3-BF4B-00C04F79EFBC}") = "WindowsFormsApp1", "WindowsFormsApp1\WindowsFormsApp1.csproj", "{376FA923-B7FC-4AC4-9B23-333644065DAB}"
EndProject
Global
	GlobalSection(SolutionConfigurationPlatforms) = preSolution
		Debug|Any CPU = Debug|Any CPU
		Release|Any CPU = Release|Any CPU
	EndGlobalSection
	GlobalSection(ProjectConfigurationPlatforms) = postSolution
		{376FA923-B7FC-4AC4-9B23-333644065DAB}.Debug|Any CPU.ActiveCfg = Debug|Any CPU
		{376FA923-B7FC-4AC4-9B23-333644065DAB}.Debug|Any CPU.Build.0 = Debug|Any CPU
		{376FA923-B7FC-4AC4-9B23-333644065DAB}.Release|Any CPU.ActiveCfg = Release|Any CPU
		{376FA923-B7FC-4AC4-9B23-333644065DAB}.Release|Any CPU.Build.0 = Release|Any CPU
	EndGlobalSection
	GlobalSection(SolutionProperties) = preSolution
		HideSolutionNode = FALSE
	EndGlobalSection
	GlobalSection(ExtensibilityGlobals) = postSolution
		SolutionGuid = {E1A7B72A-F638-4E37-A413-840BBAE3E0A9}
	EndGlobalSection
EndGlobal
